
Microsoft Visual Studio Solution File, Format Version 12.00
# Visual Studio 14
VisualStudioVersion = 14.0.25420.1
MinimumVisualStudioVersion = 10.0.40219.1
Project("{FAE04EC0-301F-11D3-BF4B-00C04F79EFBC}") = "PierwszyProgram", "PierwszyProgram\PierwszyProgram.csproj", "{93738DA1-B72C-4E5F-A1F8-38A903ECC29F}"
EndProject
Project("{FAE04EC0-301F-11D3-BF4B-00C04F79EFBC}") = "TypyDanych", "TypyDanych\TypyDanych.csproj", "{01E0579E-8FE6-40EA-8A7B-FA4696957019}"
EndProject
Project("{FAE04EC0-301F-11D3-BF4B-00C04F79EFBC}") = "KonwersjaTypow", "KonwersjaTypow\KonwersjaTypow.csproj", "{264734B1-C11F-44AC-BEA2-7AEC3F45D6AE}"
EndProject
Global
	GlobalSection(SolutionConfigurationPlatforms) = preSolution
		Debug|Any CPU = Debug|Any CPU
		Release|Any CPU = Release|Any CPU
	EndGlobalSection
	GlobalSection(ProjectConfigurationPlatforms) = postSolution
		{93738DA1-B72C-4E5F-A1F8-38A903ECC29F}.Debug|Any CPU.ActiveCfg = Debug|Any CPU
		{93738DA1-B72C-4E5F-A1F8-38A903ECC29F}.Debug|Any CPU.Build.0 = Debug|Any CPU
		{93738DA1-B72C-4E5F-A1F8-38A903ECC29F}.Release|Any CPU.ActiveCfg = Release|Any CPU
		{93738DA1-B72C-4E5F-A1F8-38A903ECC29F}.Release|Any CPU.Build.0 = Release|Any CPU
		{01E0579E-8FE6-40EA-8A7B-FA4696957019}.Debug|Any CPU.ActiveCfg = Debug|Any CPU
		{01E0579E-8FE6-40EA-8A7B-FA4696957019}.Debug|Any CPU.Build.0 = Debug|Any CPU
		{01E0579E-8FE6-40EA-8A7B-FA4696957019}.Release|Any CPU.ActiveCfg = Release|Any CPU
		{01E0579E-8FE6-40EA-8A7B-FA4696957019}.Release|Any CPU.Build.0 = Release|Any CPU
		{264734B1-C11F-44AC-BEA2-7AEC3F45D6AE}.Debug|Any CPU.ActiveCfg = Debug|Any CPU
		{264734B1-C11F-44AC-BEA2-7AEC3F45D6AE}.Debug|Any CPU.Build.0 = Debug|Any CPU
		{264734B1-C11F-44AC-BEA2-7AEC3F45D6AE}.Release|Any CPU.ActiveCfg = Release|Any CPU
		{264734B1-C11F-44AC-BEA2-7AEC3F45D6AE}.Release|Any CPU.Build.0 = Release|Any CPU
	EndGlobalSection
	GlobalSection(SolutionProperties) = preSolution
		HideSolutionNode = FALSE
	EndGlobalSection
EndGlobal
